
Microsoft Visual Studio Solution File, Format Version 12.00
# Visual Studio Version 16
VisualStudioVersion = 16.0.29920.165
MinimumVisualStudioVersion = 10.0.40219.1
Project("{FAE04EC0-301F-11D3-BF4B-00C04F79EFBC}") = "Panda.App", "Panda.App\Panda.App.csproj", "{0415A870-1C2B-43F2-93A5-5061872F5589}"
EndProject
Project("{FAE04EC0-301F-11D3-BF4B-00C04F79EFBC}") = "Panda.Data", "Panda.Data\Panda.Data.csproj", "{95D0B989-35E2-4D60-806F-EFD757D20EB5}"
EndProject
Project("{FAE04EC0-301F-11D3-BF4B-00C04F79EFBC}") = "Panda.Domain", "Panda.Domain\Panda.Domain.csproj", "{23C24055-C7B3-4A6A-A927-B2266BAB3AC5}"
EndProject
Global
	GlobalSection(SolutionConfigurationPlatforms) = preSolution
		Debug|Any CPU = Debug|Any CPU
		Release|Any CPU = Release|Any CPU
	EndGlobalSection
	GlobalSection(ProjectConfigurationPlatforms) = postSolution
		{0415A870-1C2B-43F2-93A5-5061872F5589}.Debug|Any CPU.ActiveCfg = Debug|Any CPU
		{0415A870-1C2B-43F2-93A5-5061872F5589}.Debug|Any CPU.Build.0 = Debug|Any CPU
		{0415A870-1C2B-43F2-93A5-5061872F5589}.Release|Any CPU.ActiveCfg = Release|Any CPU
		{0415A870-1C2B-43F2-93A5-5061872F5589}.Release|Any CPU.Build.0 = Release|Any CPU
		{95D0B989-35E2-4D60-806F-EFD757D20EB5}.Debug|Any CPU.ActiveCfg = Debug|Any CPU
		{95D0B989-35E2-4D60-806F-EFD757D20EB5}.Debug|Any CPU.Build.0 = Debug|Any CPU
		{95D0B989-35E2-4D60-806F-EFD757D20EB5}.Release|Any CPU.ActiveCfg = Release|Any CPU
		{95D0B989-35E2-4D60-806F-EFD757D20EB5}.Release|Any CPU.Build.0 = Release|Any CPU
		{23C24055-C7B3-4A6A-A927-B2266BAB3AC5}.Debug|Any CPU.ActiveCfg = Debug|Any CPU
		{23C24055-C7B3-4A6A-A927-B2266BAB3AC5}.Debug|Any CPU.Build.0 = Debug|Any CPU
		{23C24055-C7B3-4A6A-A927-B2266BAB3AC5}.Release|Any CPU.ActiveCfg = Release|Any CPU
		{23C24055-C7B3-4A6A-A927-B2266BAB3AC5}.Release|Any CPU.Build.0 = Release|Any CPU
	EndGlobalSection
	GlobalSection(SolutionProperties) = preSolution
		HideSolutionNode = FALSE
	EndGlobalSection
	GlobalSection(ExtensibilityGlobals) = postSolution
		SolutionGuid = {EB5F596C-A6B4-4612-88ED-74409057060D}
	EndGlobalSection
EndGlobal
